{
  "name": "quiver",
  "version": "1.0.0",
  "lockfileVersion": 3,
  "requires": true,
  "packages": {
    "": {
      "name": "quiver",
      "version": "1.0.0",
      "license": "MIT",
      "dependencies": {
        "https://esm.sh/@quiver-js/core": "^1.0.0-alpha.10",
        "page": "^1.11.6"
      }
    },
    "node_modules/@arrow-js/core": {
      "version": "1.0.0-alpha.10",
      "resolved": "https://registry.npmjs.org/@arrow-js/core/-/core-1.0.0-alpha.10.tgz",
      "integrity": "sha512-UR+Hl6Wzw251OxUz1kBvIeSe9n/pwO16dlNmCPvHv0Z99hNoc2uEDMxyg2Q6oQ6YobZao7EZsw2simtoQWWFPg==",
      "engines": {
        "node": ">=14.0.0"
      }
    },
    "node_modules/isarray": {
      "version": "0.0.1",
      "resolved": "https://registry.npmjs.org/isarray/-/isarray-0.0.1.tgz",
      "integrity": "sha512-D2S+3GLxWH+uhrNEcoh/fnmYeP8E8/zHl644d/jdA0g2uyXvy3sb0qxotE+ne0LtccHknQzWwZEzhak7oJ0COQ=="
    },
    "node_modules/page": {
      "version": "1.11.6",
      "resolved": "https://registry.npmjs.org/page/-/page-1.11.6.tgz",
      "integrity": "sha512-P6e2JfzkBrPeFCIPplLP7vDDiU84RUUZMrWdsH4ZBGJ8OosnwFkcUkBHp1DTIjuipLliw9yQn/ZJsXZvarsO+g==",
      "dependencies": {
        "path-to-regexp": "~1.2.1"
      }
    },
    "node_modules/path-to-regexp": {
      "version": "1.2.1",
      "resolved": "https://registry.npmjs.org/path-to-regexp/-/path-to-regexp-1.2.1.tgz",
      "integrity": "sha512-DBw9IhWfevR2zCVwEZURTuQNseCvu/Q9f5ZgqMCK0Rh61bDa4uyjPAOy9b55yKiPT59zZn+7uYKxmWwsguInwg==",
      "dependencies": {
        "isarray": "0.0.1"
      }
    }
  }
}